
Microsoft Visual Studio Solution File, Format Version 12.00
# Visual Studio Version 17
VisualStudioVersion = 17.5.33530.505
MinimumVisualStudioVersion = 10.0.40219.1
Project("{8BC9CEB8-8B4A-11D0-8D11-00A0C91BC942}") = "23-04-12-类和对象", "23-04-12-类和对象.vcxproj", "{228284D4-3EC5-41C9-9666-06E710234CBA}"
EndProject
Global
	GlobalSection(SolutionConfigurationPlatforms) = preSolution
		Debug|x64 = Debug|x64
		Debug|x86 = Debug|x86
		Release|x64 = Release|x64
		Release|x86 = Release|x86
	EndGlobalSection
	GlobalSection(ProjectConfigurationPlatforms) = postSolution
		{228284D4-3EC5-41C9-9666-06E710234CBA}.Debug|x64.ActiveCfg = Debug|x64
		{228284D4-3EC5-41C9-9666-06E710234CBA}.Debug|x64.Build.0 = Debug|x64
		{228284D4-3EC5-41C9-9666-06E710234CBA}.Debug|x86.ActiveCfg = Debug|Win32
		{228284D4-3EC5-41C9-9666-06E710234CBA}.Debug|x86.Build.0 = Debug|Win32
		{228284D4-3EC5-41C9-9666-06E710234CBA}.Release|x64.ActiveCfg = Release|x64
		{228284D4-3EC5-41C9-9666-06E710234CBA}.Release|x64.Build.0 = Release|x64
		{228284D4-3EC5-41C9-9666-06E710234CBA}.Release|x86.ActiveCfg = Release|Win32
		{228284D4-3EC5-41C9-9666-06E710234CBA}.Release|x86.Build.0 = Release|Win32
	EndGlobalSection
	GlobalSection(SolutionProperties) = preSolution
		HideSolutionNode = FALSE
	EndGlobalSection
	GlobalSection(ExtensibilityGlobals) = postSolution
		SolutionGuid = {FEF3AAF6-1C1B-478A-84B9-87F6CD2F52B0}
	EndGlobalSection
EndGlobal
