
Microsoft Visual Studio Solution File, Format Version 12.00
# Visual Studio Version 17
VisualStudioVersion = 17.6.33712.159
MinimumVisualStudioVersion = 10.0.40219.1
Project("{8BC9CEB8-8B4A-11D0-8D11-00A0C91BC942}") = "23-05-18-函数调用运算符重载之 面向对象入门之最后一张", "23-05-18-函数调用运算符重载之 面向对象入门之最后一张.vcxproj", "{5A440B08-8ECD-45D8-AF5A-81BD989D62EC}"
EndProject
Global
	GlobalSection(SolutionConfigurationPlatforms) = preSolution
		Debug|x64 = Debug|x64
		Debug|x86 = Debug|x86
		Release|x64 = Release|x64
		Release|x86 = Release|x86
	EndGlobalSection
	GlobalSection(ProjectConfigurationPlatforms) = postSolution
		{5A440B08-8ECD-45D8-AF5A-81BD989D62EC}.Debug|x64.ActiveCfg = Debug|x64
		{5A440B08-8ECD-45D8-AF5A-81BD989D62EC}.Debug|x64.Build.0 = Debug|x64
		{5A440B08-8ECD-45D8-AF5A-81BD989D62EC}.Debug|x86.ActiveCfg = Debug|Win32
		{5A440B08-8ECD-45D8-AF5A-81BD989D62EC}.Debug|x86.Build.0 = Debug|Win32
		{5A440B08-8ECD-45D8-AF5A-81BD989D62EC}.Release|x64.ActiveCfg = Release|x64
		{5A440B08-8ECD-45D8-AF5A-81BD989D62EC}.Release|x64.Build.0 = Release|x64
		{5A440B08-8ECD-45D8-AF5A-81BD989D62EC}.Release|x86.ActiveCfg = Release|Win32
		{5A440B08-8ECD-45D8-AF5A-81BD989D62EC}.Release|x86.Build.0 = Release|Win32
	EndGlobalSection
	GlobalSection(SolutionProperties) = preSolution
		HideSolutionNode = FALSE
	EndGlobalSection
	GlobalSection(ExtensibilityGlobals) = postSolution
		SolutionGuid = {47C1A22D-0BEB-4D23-9FC8-2ACFD206F092}
	EndGlobalSection
EndGlobal
