
Microsoft Visual Studio Solution File, Format Version 12.00
# Visual Studio Version 17
VisualStudioVersion = 17.5.33530.505
MinimumVisualStudioVersion = 10.0.40219.1
Project("{8BC9CEB8-8B4A-11D0-8D11-00A0C91BC942}") = "23-05-08-友元", "23-05-08-友元.vcxproj", "{31059ED8-80DE-40D9-85B4-EE33E83184FD}"
EndProject
Global
	GlobalSection(SolutionConfigurationPlatforms) = preSolution
		Debug|x64 = Debug|x64
		Debug|x86 = Debug|x86
		Release|x64 = Release|x64
		Release|x86 = Release|x86
	EndGlobalSection
	GlobalSection(ProjectConfigurationPlatforms) = postSolution
		{31059ED8-80DE-40D9-85B4-EE33E83184FD}.Debug|x64.ActiveCfg = Debug|x64
		{31059ED8-80DE-40D9-85B4-EE33E83184FD}.Debug|x64.Build.0 = Debug|x64
		{31059ED8-80DE-40D9-85B4-EE33E83184FD}.Debug|x86.ActiveCfg = Debug|Win32
		{31059ED8-80DE-40D9-85B4-EE33E83184FD}.Debug|x86.Build.0 = Debug|Win32
		{31059ED8-80DE-40D9-85B4-EE33E83184FD}.Release|x64.ActiveCfg = Release|x64
		{31059ED8-80DE-40D9-85B4-EE33E83184FD}.Release|x64.Build.0 = Release|x64
		{31059ED8-80DE-40D9-85B4-EE33E83184FD}.Release|x86.ActiveCfg = Release|Win32
		{31059ED8-80DE-40D9-85B4-EE33E83184FD}.Release|x86.Build.0 = Release|Win32
	EndGlobalSection
	GlobalSection(SolutionProperties) = preSolution
		HideSolutionNode = FALSE
	EndGlobalSection
	GlobalSection(ExtensibilityGlobals) = postSolution
		SolutionGuid = {AA0E96E4-4415-4666-9B72-71D7A0A57F0F}
	EndGlobalSection
EndGlobal
